
Microsoft Visual Studio Solution File, Format Version 12.00
# Visual Studio Version 17
VisualStudioVersion = 17.0.32014.148
MinimumVisualStudioVersion = 10.0.40219.1
Project("{9A19103F-16F7-4668-BE54-9A1E7A4F7556}") = "RowerDataCollector", "RowerDataCollector\RowerDataCollector.csproj", "{9CB3403F-A9B7-4797-AD68-AFFDC8514F7C}"
EndProject
Project("{9A19103F-16F7-4668-BE54-9A1E7A4F7556}") = "SocketServer", "SocketServer\SocketServer.csproj", "{E2730B49-915A-4F47-B3C7-1003E612741F}"
EndProject
Project("{8BC9CEB8-8B4A-11D0-8D11-00A0C91BC942}") = "ArduinoRotator", "ArduinoRotator\ArduinoRotator.vcxproj", "{C5F80730-F44F-4478-BDAE-6634EFC2CA88}"
EndProject
Project("{9A19103F-16F7-4668-BE54-9A1E7A4F7556}") = "RaspberryGPIOTest", "RaspberryGPIOTest\RaspberryGPIOTest.csproj", "{A6C99CFA-1445-4656-8B1F-1DE8525847F7}"
EndProject
Global
	GlobalSection(SolutionConfigurationPlatforms) = preSolution
		Debug|Any CPU = Debug|Any CPU
		Debug|ARM = Debug|ARM
		Debug|ARM32 = Debug|ARM32
		Debug|ARM64 = Debug|ARM64
		Debug|x64 = Debug|x64
		Debug|x86 = Debug|x86
		Release|Any CPU = Release|Any CPU
		Release|ARM = Release|ARM
		Release|ARM32 = Release|ARM32
		Release|ARM64 = Release|ARM64
		Release|x64 = Release|x64
		Release|x86 = Release|x86
	EndGlobalSection
	GlobalSection(ProjectConfigurationPlatforms) = postSolution
		{9CB3403F-A9B7-4797-AD68-AFFDC8514F7C}.Debug|Any CPU.ActiveCfg = Debug|Any CPU
		{9CB3403F-A9B7-4797-AD68-AFFDC8514F7C}.Debug|Any CPU.Build.0 = Debug|Any CPU
		{9CB3403F-A9B7-4797-AD68-AFFDC8514F7C}.Debug|ARM.ActiveCfg = Debug|Any CPU
		{9CB3403F-A9B7-4797-AD68-AFFDC8514F7C}.Debug|ARM.Build.0 = Debug|Any CPU
		{9CB3403F-A9B7-4797-AD68-AFFDC8514F7C}.Debug|ARM32.ActiveCfg = Debug|Any CPU
		{9CB3403F-A9B7-4797-AD68-AFFDC8514F7C}.Debug|ARM32.Build.0 = Debug|Any CPU
		{9CB3403F-A9B7-4797-AD68-AFFDC8514F7C}.Debug|ARM64.ActiveCfg = Debug|Any CPU
		{9CB3403F-A9B7-4797-AD68-AFFDC8514F7C}.Debug|ARM64.Build.0 = Debug|Any CPU
		{9CB3403F-A9B7-4797-AD68-AFFDC8514F7C}.Debug|x64.ActiveCfg = Debug|Any CPU
		{9CB3403F-A9B7-4797-AD68-AFFDC8514F7C}.Debug|x64.Build.0 = Debug|Any CPU
		{9CB3403F-A9B7-4797-AD68-AFFDC8514F7C}.Debug|x86.ActiveCfg = Debug|Any CPU
		{9CB3403F-A9B7-4797-AD68-AFFDC8514F7C}.Debug|x86.Build.0 = Debug|Any CPU
		{9CB3403F-A9B7-4797-AD68-AFFDC8514F7C}.Release|Any CPU.ActiveCfg = Release|Any CPU
		{9CB3403F-A9B7-4797-AD68-AFFDC8514F7C}.Release|Any CPU.Build.0 = Release|Any CPU
		{9CB3403F-A9B7-4797-AD68-AFFDC8514F7C}.Release|ARM.ActiveCfg = Release|Any CPU
		{9CB3403F-A9B7-4797-AD68-AFFDC8514F7C}.Release|ARM.Build.0 = Release|Any CPU
		{9CB3403F-A9B7-4797-AD68-AFFDC8514F7C}.Release|ARM32.ActiveCfg = Release|Any CPU
		{9CB3403F-A9B7-4797-AD68-AFFDC8514F7C}.Release|ARM32.Build.0 = Release|Any CPU
		{9CB3403F-A9B7-4797-AD68-AFFDC8514F7C}.Release|ARM64.ActiveCfg = Release|Any CPU
		{9CB3403F-A9B7-4797-AD68-AFFDC8514F7C}.Release|ARM64.Build.0 = Release|Any CPU
		{9CB3403F-A9B7-4797-AD68-AFFDC8514F7C}.Release|x64.ActiveCfg = Release|Any CPU
		{9CB3403F-A9B7-4797-AD68-AFFDC8514F7C}.Release|x64.Build.0 = Release|Any CPU
		{9CB3403F-A9B7-4797-AD68-AFFDC8514F7C}.Release|x86.ActiveCfg = Release|Any CPU
		{9CB3403F-A9B7-4797-AD68-AFFDC8514F7C}.Release|x86.Build.0 = Release|Any CPU
		{E2730B49-915A-4F47-B3C7-1003E612741F}.Debug|Any CPU.ActiveCfg = Debug|Any CPU
		{E2730B49-915A-4F47-B3C7-1003E612741F}.Debug|Any CPU.Build.0 = Debug|Any CPU
		{E2730B49-915A-4F47-B3C7-1003E612741F}.Debug|ARM.ActiveCfg = Debug|Any CPU
		{E2730B49-915A-4F47-B3C7-1003E612741F}.Debug|ARM.Build.0 = Debug|Any CPU
		{E2730B49-915A-4F47-B3C7-1003E612741F}.Debug|ARM32.ActiveCfg = Debug|Any CPU
		{E2730B49-915A-4F47-B3C7-1003E612741F}.Debug|ARM32.Build.0 = Debug|Any CPU
		{E2730B49-915A-4F47-B3C7-1003E612741F}.Debug|ARM64.ActiveCfg = Debug|Any CPU
		{E2730B49-915A-4F47-B3C7-1003E612741F}.Debug|ARM64.Build.0 = Debug|Any CPU
		{E2730B49-915A-4F47-B3C7-1003E612741F}.Debug|x64.ActiveCfg = Debug|Any CPU
		{E2730B49-915A-4F47-B3C7-1003E612741F}.Debug|x64.Build.0 = Debug|Any CPU
		{E2730B49-915A-4F47-B3C7-1003E612741F}.Debug|x86.ActiveCfg = Debug|Any CPU
		{E2730B49-915A-4F47-B3C7-1003E612741F}.Debug|x86.Build.0 = Debug|Any CPU
		{E2730B49-915A-4F47-B3C7-1003E612741F}.Release|Any CPU.ActiveCfg = Release|Any CPU
		{E2730B49-915A-4F47-B3C7-1003E612741F}.Release|Any CPU.Build.0 = Release|Any CPU
		{E2730B49-915A-4F47-B3C7-1003E612741F}.Release|ARM.ActiveCfg = Release|Any CPU
		{E2730B49-915A-4F47-B3C7-1003E612741F}.Release|ARM.Build.0 = Release|Any CPU
		{E2730B49-915A-4F47-B3C7-1003E612741F}.Release|ARM32.ActiveCfg = Release|Any CPU
		{E2730B49-915A-4F47-B3C7-1003E612741F}.Release|ARM32.Build.0 = Release|Any CPU
		{E2730B49-915A-4F47-B3C7-1003E612741F}.Release|ARM64.ActiveCfg = Release|Any CPU
		{E2730B49-915A-4F47-B3C7-1003E612741F}.Release|ARM64.Build.0 = Release|Any CPU
		{E2730B49-915A-4F47-B3C7-1003E612741F}.Release|x64.ActiveCfg = Release|Any CPU
		{E2730B49-915A-4F47-B3C7-1003E612741F}.Release|x64.Build.0 = Release|Any CPU
		{E2730B49-915A-4F47-B3C7-1003E612741F}.Release|x86.ActiveCfg = Release|Any CPU
		{E2730B49-915A-4F47-B3C7-1003E612741F}.Release|x86.Build.0 = Release|Any CPU
		{C5F80730-F44F-4478-BDAE-6634EFC2CA88}.Debug|Any CPU.ActiveCfg = Debug|Win32
		{C5F80730-F44F-4478-BDAE-6634EFC2CA88}.Debug|Any CPU.Build.0 = Debug|Win32
		{C5F80730-F44F-4478-BDAE-6634EFC2CA88}.Debug|ARM.ActiveCfg = Debug|Win32
		{C5F80730-F44F-4478-BDAE-6634EFC2CA88}.Debug|ARM.Build.0 = Debug|Win32
		{C5F80730-F44F-4478-BDAE-6634EFC2CA88}.Debug|ARM32.ActiveCfg = Debug|Win32
		{C5F80730-F44F-4478-BDAE-6634EFC2CA88}.Debug|ARM32.Build.0 = Debug|Win32
		{C5F80730-F44F-4478-BDAE-6634EFC2CA88}.Debug|ARM64.ActiveCfg = Debug|Win32
		{C5F80730-F44F-4478-BDAE-6634EFC2CA88}.Debug|ARM64.Build.0 = Debug|Win32
		{C5F80730-F44F-4478-BDAE-6634EFC2CA88}.Debug|x64.ActiveCfg = Debug|Win32
		{C5F80730-F44F-4478-BDAE-6634EFC2CA88}.Debug|x64.Build.0 = Debug|Win32
		{C5F80730-F44F-4478-BDAE-6634EFC2CA88}.Debug|x86.ActiveCfg = Debug|Win32
		{C5F80730-F44F-4478-BDAE-6634EFC2CA88}.Debug|x86.Build.0 = Debug|Win32
		{C5F80730-F44F-4478-BDAE-6634EFC2CA88}.Release|Any CPU.ActiveCfg = Release|Win32
		{C5F80730-F44F-4478-BDAE-6634EFC2CA88}.Release|Any CPU.Build.0 = Release|Win32
		{C5F80730-F44F-4478-BDAE-6634EFC2CA88}.Release|ARM.ActiveCfg = Release|Win32
		{C5F80730-F44F-4478-BDAE-6634EFC2CA88}.Release|ARM.Build.0 = Release|Win32
		{C5F80730-F44F-4478-BDAE-6634EFC2CA88}.Release|ARM32.ActiveCfg = Release|Win32
		{C5F80730-F44F-4478-BDAE-6634EFC2CA88}.Release|ARM32.Build.0 = Release|Win32
		{C5F80730-F44F-4478-BDAE-6634EFC2CA88}.Release|ARM64.ActiveCfg = Release|Win32
		{C5F80730-F44F-4478-BDAE-6634EFC2CA88}.Release|ARM64.Build.0 = Release|Win32
		{C5F80730-F44F-4478-BDAE-6634EFC2CA88}.Release|x64.ActiveCfg = Release|Win32
		{C5F80730-F44F-4478-BDAE-6634EFC2CA88}.Release|x64.Build.0 = Release|Win32
		{C5F80730-F44F-4478-BDAE-6634EFC2CA88}.Release|x86.ActiveCfg = Release|Win32
		{C5F80730-F44F-4478-BDAE-6634EFC2CA88}.Release|x86.Build.0 = Release|Win32
		{A6C99CFA-1445-4656-8B1F-1DE8525847F7}.Debug|Any CPU.ActiveCfg = Debug|Any CPU
		{A6C99CFA-1445-4656-8B1F-1DE8525847F7}.Debug|Any CPU.Build.0 = Debug|Any CPU
		{A6C99CFA-1445-4656-8B1F-1DE8525847F7}.Debug|ARM.ActiveCfg = Debug|Any CPU
		{A6C99CFA-1445-4656-8B1F-1DE8525847F7}.Debug|ARM.Build.0 = Debug|Any CPU
		{A6C99CFA-1445-4656-8B1F-1DE8525847F7}.Debug|ARM32.ActiveCfg = Debug|Any CPU
		{A6C99CFA-1445-4656-8B1F-1DE8525847F7}.Debug|ARM32.Build.0 = Debug|Any CPU
		{A6C99CFA-1445-4656-8B1F-1DE8525847F7}.Debug|ARM64.ActiveCfg = Debug|Any CPU
		{A6C99CFA-1445-4656-8B1F-1DE8525847F7}.Debug|ARM64.Build.0 = Debug|Any CPU
		{A6C99CFA-1445-4656-8B1F-1DE8525847F7}.Debug|x64.ActiveCfg = Debug|Any CPU
		{A6C99CFA-1445-4656-8B1F-1DE8525847F7}.Debug|x64.Build.0 = Debug|Any CPU
		{A6C99CFA-1445-4656-8B1F-1DE8525847F7}.Debug|x86.ActiveCfg = Debug|Any CPU
		{A6C99CFA-1445-4656-8B1F-1DE8525847F7}.Debug|x86.Build.0 = Debug|Any CPU
		{A6C99CFA-1445-4656-8B1F-1DE8525847F7}.Release|Any CPU.ActiveCfg = Release|Any CPU
		{A6C99CFA-1445-4656-8B1F-1DE8525847F7}.Release|Any CPU.Build.0 = Release|Any CPU
		{A6C99CFA-1445-4656-8B1F-1DE8525847F7}.Release|ARM.ActiveCfg = Release|Any CPU
		{A6C99CFA-1445-4656-8B1F-1DE8525847F7}.Release|ARM.Build.0 = Release|Any CPU
		{A6C99CFA-1445-4656-8B1F-1DE8525847F7}.Release|ARM32.ActiveCfg = Release|Any CPU
		{A6C99CFA-1445-4656-8B1F-1DE8525847F7}.Release|ARM32.Build.0 = Release|Any CPU
		{A6C99CFA-1445-4656-8B1F-1DE8525847F7}.Release|ARM64.ActiveCfg = Release|Any CPU
		{A6C99CFA-1445-4656-8B1F-1DE8525847F7}.Release|ARM64.Build.0 = Release|Any CPU
		{A6C99CFA-1445-4656-8B1F-1DE8525847F7}.Release|x64.ActiveCfg = Release|Any CPU
		{A6C99CFA-1445-4656-8B1F-1DE8525847F7}.Release|x64.Build.0 = Release|Any CPU
		{A6C99CFA-1445-4656-8B1F-1DE8525847F7}.Release|x86.ActiveCfg = Release|Any CPU
		{A6C99CFA-1445-4656-8B1F-1DE8525847F7}.Release|x86.Build.0 = Release|Any CPU
	EndGlobalSection
	GlobalSection(SolutionProperties) = preSolution
		HideSolutionNode = FALSE
	EndGlobalSection
	GlobalSection(ExtensibilityGlobals) = postSolution
		SolutionGuid = {E8A147C2-8B24-4D58-BDEC-79DC2BA0A5E0}
	EndGlobalSection
EndGlobal
